
Microsoft Visual Studio Solution File, Format Version 12.00
# Visual Studio Version 17
VisualStudioVersion = 17.0.32126.317
MinimumVisualStudioVersion = 10.0.40219.1
Project("{FAE04EC0-301F-11D3-BF4B-00C04F79EFBC}") = "UserMaintenance", "UserMaintenance\UserMaintenance.csproj", "{3DD6ABE6-891F-4687-9D2D-C1CDE0FEA189}"
EndProject
Project("{FAE04EC0-301F-11D3-BF4B-00C04F79EFBC}") = "week04", "ExcelTabla\week04.csproj", "{851ED338-5CE9-4D0D-85E5-02648A6A2DBC}"
EndProject
Project("{FAE04EC0-301F-11D3-BF4B-00C04F79EFBC}") = "Arfolyamok", "Arfolyamok\Arfolyamok.csproj", "{7C3DA2CE-2C41-4963-8AF9-40F7DFE1086F}"
EndProject
Project("{FAE04EC0-301F-11D3-BF4B-00C04F79EFBC}") = "Xmas", "Xmas\Xmas.csproj", "{F833C01A-EDA3-4592-925D-9981B1B90E84}"
EndProject
Project("{FAE04EC0-301F-11D3-BF4B-00C04F79EFBC}") = "VaR", "VaR\VaR.csproj", "{1BEA40F3-36B9-47F6-8FA4-5CAA0C78D630}"
EndProject
Global
	GlobalSection(SolutionConfigurationPlatforms) = preSolution
		Debug|Any CPU = Debug|Any CPU
		Release|Any CPU = Release|Any CPU
	EndGlobalSection
	GlobalSection(ProjectConfigurationPlatforms) = postSolution
		{3DD6ABE6-891F-4687-9D2D-C1CDE0FEA189}.Debug|Any CPU.ActiveCfg = Debug|Any CPU
		{3DD6ABE6-891F-4687-9D2D-C1CDE0FEA189}.Debug|Any CPU.Build.0 = Debug|Any CPU
		{3DD6ABE6-891F-4687-9D2D-C1CDE0FEA189}.Release|Any CPU.ActiveCfg = Release|Any CPU
		{3DD6ABE6-891F-4687-9D2D-C1CDE0FEA189}.Release|Any CPU.Build.0 = Release|Any CPU
		{851ED338-5CE9-4D0D-85E5-02648A6A2DBC}.Debug|Any CPU.ActiveCfg = Debug|Any CPU
		{851ED338-5CE9-4D0D-85E5-02648A6A2DBC}.Debug|Any CPU.Build.0 = Debug|Any CPU
		{851ED338-5CE9-4D0D-85E5-02648A6A2DBC}.Release|Any CPU.ActiveCfg = Release|Any CPU
		{851ED338-5CE9-4D0D-85E5-02648A6A2DBC}.Release|Any CPU.Build.0 = Release|Any CPU
		{7C3DA2CE-2C41-4963-8AF9-40F7DFE1086F}.Debug|Any CPU.ActiveCfg = Debug|Any CPU
		{7C3DA2CE-2C41-4963-8AF9-40F7DFE1086F}.Debug|Any CPU.Build.0 = Debug|Any CPU
		{7C3DA2CE-2C41-4963-8AF9-40F7DFE1086F}.Release|Any CPU.ActiveCfg = Release|Any CPU
		{7C3DA2CE-2C41-4963-8AF9-40F7DFE1086F}.Release|Any CPU.Build.0 = Release|Any CPU
		{F833C01A-EDA3-4592-925D-9981B1B90E84}.Debug|Any CPU.ActiveCfg = Debug|Any CPU
		{F833C01A-EDA3-4592-925D-9981B1B90E84}.Debug|Any CPU.Build.0 = Debug|Any CPU
		{F833C01A-EDA3-4592-925D-9981B1B90E84}.Release|Any CPU.ActiveCfg = Release|Any CPU
		{F833C01A-EDA3-4592-925D-9981B1B90E84}.Release|Any CPU.Build.0 = Release|Any CPU
		{1BEA40F3-36B9-47F6-8FA4-5CAA0C78D630}.Debug|Any CPU.ActiveCfg = Debug|Any CPU
		{1BEA40F3-36B9-47F6-8FA4-5CAA0C78D630}.Debug|Any CPU.Build.0 = Debug|Any CPU
		{1BEA40F3-36B9-47F6-8FA4-5CAA0C78D630}.Release|Any CPU.ActiveCfg = Release|Any CPU
		{1BEA40F3-36B9-47F6-8FA4-5CAA0C78D630}.Release|Any CPU.Build.0 = Release|Any CPU
	EndGlobalSection
	GlobalSection(SolutionProperties) = preSolution
		HideSolutionNode = FALSE
	EndGlobalSection
	GlobalSection(ExtensibilityGlobals) = postSolution
		SolutionGuid = {81F4558F-650C-4923-AB9D-4CE6A266B53D}
	EndGlobalSection
EndGlobal
